
Microsoft Visual Studio Solution File, Format Version 12.00
# Visual Studio Version 17
VisualStudioVersion = 17.9.34622.214
MinimumVisualStudioVersion = 10.0.40219.1
Project("{FAE04EC0-301F-11D3-BF4B-00C04F79EFBC}") = "NeuralProcessApi", "NeuralProcessApi\NeuralProcessApi.csproj", "{826A9DE3-7CAE-41E3-B690-9DF804FC47D7}"
EndProject
Global
	GlobalSection(SolutionConfigurationPlatforms) = preSolution
		Debug|Any CPU = Debug|Any CPU
		Release|Any CPU = Release|Any CPU
	EndGlobalSection
	GlobalSection(ProjectConfigurationPlatforms) = postSolution
		{826A9DE3-7CAE-41E3-B690-9DF804FC47D7}.Debug|Any CPU.ActiveCfg = Debug|Any CPU
		{826A9DE3-7CAE-41E3-B690-9DF804FC47D7}.Debug|Any CPU.Build.0 = Debug|Any CPU
		{826A9DE3-7CAE-41E3-B690-9DF804FC47D7}.Release|Any CPU.ActiveCfg = Release|Any CPU
		{826A9DE3-7CAE-41E3-B690-9DF804FC47D7}.Release|Any CPU.Build.0 = Release|Any CPU
	EndGlobalSection
	GlobalSection(SolutionProperties) = preSolution
		HideSolutionNode = FALSE
	EndGlobalSection
	GlobalSection(ExtensibilityGlobals) = postSolution
		SolutionGuid = {C5419857-D129-4B64-819F-9CC7424A82D4}
	EndGlobalSection
EndGlobal
